// !$*UTF8*$!
{
	archiveVersion = 1;
	classes = {
	};
	objectVersion = 52;
	objects = {

/* Begin PBXBuildFile section */
		AA7346DF25E2EA150083A30E /* AppDelegate.swift in Sources */ = {isa = PBXBuildFile; fileRef = AA7346DE25E2EA150083A30E /* AppDelegate.swift */; };
		AA7346E125E2EA150083A30E /* SceneDelegate.swift in Sources */ = {isa = PBXBuildFile; fileRef = AA7346E025E2EA150083A30E /* SceneDelegate.swift */; };
		AA7346E325E2EA150083A30E /* ChartViewController.swift in Sources */ = {isa = PBXBuildFile; fileRef = AA7346E225E2EA150083A30E /* ChartViewController.swift */; };
		AA7346E625E2EA150083A30E /* Main.storyboard in Resources */ = {isa = PBXBuildFile; fileRef = AA7346E425E2EA150083A30E /* Main.storyboard */; };
		AA7346E825E2EA160083A30E /* Assets.xcassets in Resources */ = {isa = PBXBuildFile; fileRef = AA7346E725E2EA160083A30E /* Assets.xcassets */; };
		AA7346EB25E2EA160083A30E /* LaunchScreen.storyboard in Resources */ = {isa = PBXBuildFile; fileRef = AA7346E925E2EA160083A30E /* LaunchScreen.storyboard */; };
		AA7346F525E2EB430083A30E /* Highcharts in Frameworks */ = {isa = PBXBuildFile; productRef = AA7346F425E2EB430083A30E /* Highcharts */; };
		AABA9B1B25EDEFE3000CD316 /* GoogleSheetsIntegration.swift in Sources */ = {isa = PBXBuildFile; fileRef = AABA9B1A25EDEFE3000CD316 /* GoogleSheetsIntegration.swift */; };
/* End PBXBuildFile section */

/* Begin PBXFileReference section */
		AA7346DB25E2EA150083A30E /* Charts003.app */ = {isa = PBXFileReference; explicitFileType = wrapper.application; includeInIndex = 0; path = Charts003.app; sourceTree = BUILT_PRODUCTS_DIR; };
		AA7346DE25E2EA150083A30E /* AppDelegate.swift */ = {isa = PBXFileReference; lastKnownFileType = sourcecode.swift; path = AppDelegate.swift; sourceTree = "<group>"; };
		AA7346E025E2EA150083A30E /* SceneDelegate.swift */ = {isa = PBXFileReference; lastKnownFileType = sourcecode.swift; path = SceneDelegate.swift; sourceTree = "<group>"; };
		AA7346E225E2EA150083A30E /* ChartViewController.swift */ = {isa = PBXFileReference; lastKnownFileType = sourcecode.swift; path = ChartViewController.swift; sourceTree = "<group>"; };
		AA7346E525E2EA150083A30E /* Base */ = {isa = PBXFileReference; lastKnownFileType = file.storyboard; name = Base; path = Base.lproj/Main.storyboard; sourceTree = "<group>"; };
		AA7346E725E2EA160083A30E /* Assets.xcassets */ = {isa = PBXFileReference; lastKnownFileType = folder.assetcatalog; path = Assets.xcassets; sourceTree = "<group>"; };
		AA7346EA25E2EA160083A30E /* Base */ = {isa = PBXFileReference; lastKnownFileType = file.storyboard; name = Base; path = Base.lproj/LaunchScreen.storyboard; sourceTree = "<group>"; };
		AA7346EC25E2EA160083A30E /* Info.plist */ = {isa = PBXFileReference; lastKnownFileType = text.plist.xml; path = Info.plist; sourceTree = "<group>"; };
		AABA9B1A25EDEFE3000CD316 /* GoogleSheetsIntegration.swift */ = {isa = PBXFileReference; lastKnownFileType = sourcecode.swift; path = GoogleSheetsIntegration.swift; sourceTree = "<group>"; };
/* End PBXFileReference section */

/* Begin PBXFrameworksBuildPhase section */
		AA7346D825E2EA150083A30E /* Frameworks */ = {
			isa = PBXFrameworksBuildPhase;
			buildActionMask = 2147483647;
			files = (
				AA7346F525E2EB430083A30E /* Highcharts in Frameworks */,
			);
			runOnlyForDeploymentPostprocessing = 0;
		};
/* End PBXFrameworksBuildPhase section */

/* Begin PBXGroup section */
		AA7346D225E2EA150083A30E = {
			isa = PBXGroup;
			children = (
				AA7346DD25E2EA150083A30E /* Charts003 */,
				AA7346DC25E2EA150083A30E /* Products */,
			);
			sourceTree = "<group>";
		};
		AA7346DC25E2EA150083A30E /* Products */ = {
			isa = PBXGroup;
			children = (
				AA7346DB25E2EA150083A30E /* Charts003.app */,
			);
			name = Products;
			sourceTree = "<group>";
		};
		AA7346DD25E2EA150083A30E /* Charts003 */ = {
			isa = PBXGroup;
			children = (
				AA7346DE25E2EA150083A30E /* AppDelegate.swift */,
				AA7346E025E2EA150083A30E /* SceneDelegate.swift */,
				AA7346E225E2EA150083A30E /* ChartViewController.swift */,
				AABA9B1A25EDEFE3000CD316 /* GoogleSheetsIntegration.swift */,
				AA7346E425E2EA150083A30E /* Main.storyboard */,
				AA7346E725E2EA160083A30E /* Assets.xcassets */,
				AA7346E925E2EA160083A30E /* LaunchScreen.storyboard */,
				AA7346EC25E2EA160083A30E /* Info.plist */,
			);
			path = Charts003;
			sourceTree = "<group>";
		};
/* End PBXGroup section */

/* Begin PBXNativeTarget section */
		AA7346DA25E2EA150083A30E /* Charts003 */ = {
			isa = PBXNativeTarget;
			buildConfigurationList = AA7346EF25E2EA160083A30E /* Build configuration list for PBXNativeTarget "Charts003" */;
			buildPhases = (
				AA7346D725E2EA150083A30E /* Sources */,
				AA7346D825E2EA150083A30E /* Frameworks */,
				AA7346D925E2EA150083A30E /* Resources */,
			);
			buildRules = (
			);
			dependencies = (
			);
			name = Charts003;
			packageProductDependencies = (
				AA7346F425E2EB430083A30E /* Highcharts */,
			);
			productName = Charts003;
			productReference = AA7346DB25E2EA150083A30E /* Charts003.app */;
			productType = "com.apple.product-type.application";
		};
/* End PBXNativeTarget section */

/* Begin PBXProject section */
		AA7346D325E2EA150083A30E /* Project object */ = {
			isa = PBXProject;
			attributes = {
				LastSwiftUpdateCheck = 1240;
				LastUpgradeCheck = 1240;
				TargetAttributes = {
					AA7346DA25E2EA150083A30E = {
						CreatedOnToolsVersion = 12.4;
					};
				};
			};
			buildConfigurationList = AA7346D625E2EA150083A30E /* Build configuration list for PBXProject "Charts003" */;
			compatibilityVersion = "Xcode 9.3";
			developmentRegion = en;
			hasScannedForEncodings = 0;
			knownRegions = (
				en,
				Base,
			);
			mainGroup = AA7346D225E2EA150083A30E;
			packageReferences = (
				AA7346F325E2EB430083A30E /* XCRemoteSwiftPackageReference "highcharts-ios" */,
			);
			productRefGroup = AA7346DC25E2EA150083A30E /* Products */;
			projectDirPath = "";
			projectRoot = "";
			targets = (
				AA7346DA25E2EA150083A30E /* Charts003 */,
			);
		};
/* End PBXProject section */

/* Begin PBXResourcesBuildPhase section */
		AA7346D925E2EA150083A30E /* Resources */ = {
			isa = PBXResourcesBuildPhase;
			buildActionMask = 2147483647;
			files = (
				AA7346EB25E2EA160083A30E /* LaunchScreen.storyboard in Resources */,
				AA7346E825E2EA160083A30E /* Assets.xcassets in Resources */,
				AA7346E625E2EA150083A30E /* Main.storyboard in Resources */,
			);
			runOnlyForDeploymentPostprocessing = 0;
		};
/* End PBXResourcesBuildPhase section */

/* Begin PBXSourcesBuildPhase section */
		AA7346D725E2EA150083A30E /* Sources */ = {
			isa = PBXSourcesBuildPhase;
			buildActionMask = 2147483647;
			files = (
				AA7346E325E2EA150083A30E /* ChartViewController.swift in Sources */,
				AABA9B1B25EDEFE3000CD316 /* GoogleSheetsIntegration.swift in Sources */,
				AA7346DF25E2EA150083A30E /* AppDelegate.swift in Sources */,
				AA7346E125E2EA150083A30E /* SceneDelegate.swift in Sources */,
			);
			runOnlyForDeploymentPostprocessing = 0;
		};
/* End PBXSourcesBuildPhase section */

/* Begin PBXVariantGroup section */
		AA7346E425E2EA150083A30E /* Main.storyboard */ = {
			isa = PBXVariantGroup;
			children = (
				AA7346E525E2EA150083A30E /* Base */,
			);
			name = Main.storyboard;
			sourceTree = "<group>";
		};
		AA7346E925E2EA160083A30E /* LaunchScreen.storyboard */ = {
			isa = PBXVariantGroup;
			children = (
				AA7346EA25E2EA160083A30E /* Base */,
			);
			name = LaunchScreen.storyboard;
			sourceTree = "<group>";
		};
/* End PBXVariantGroup section */

/* Begin XCBuildConfiguration section */
		AA7346ED25E2EA160083A30E /* Debug */ = {
			isa = XCBuildConfiguration;
			buildSettings = {
				ALWAYS_SEARCH_USER_PATHS = NO;
				CLANG_ANALYZER_NONNULL = YES;
				CLANG_ANALYZER_NUMBER_OBJECT_CONVERSION = YES_AGGRESSIVE;
				CLANG_CXX_LANGUAGE_STANDARD = "gnu++14";
				CLANG_CXX_LIBRARY = "libc++";
				CLANG_ENABLE_MODULES = YES;
				CLANG_ENABLE_OBJC_ARC = YES;
				CLANG_ENABLE_OBJC_WEAK = YES;
				CLANG_WARN_BLOCK_CAPTURE_AUTORELEASING = YES;
				CLANG_WARN_BOOL_CONVERSION = YES;
				CLANG_WARN_COMMA = YES;
				CLANG_WARN_CONSTANT_CONVERSION = YES;
				CLANG_WARN_DEPRECATED_OBJC_IMPLEMENTATIONS = YES;
				CLANG_WARN_DIRECT_OBJC_ISA_USAGE = YES_ERROR;
				CLANG_WARN_DOCUMENTATION_COMMENTS = YES;
				CLANG_WARN_EMPTY_BODY = YES;
				CLANG_WARN_ENUM_CONVERSION = YES;
				CLANG_WARN_INFINITE_RECURSION = YES;
				CLANG_WARN_INT_CONVERSION = YES;
				CLANG_WARN_NON_LITERAL_NULL_CONVERSION = YES;
				CLANG_WARN_OBJC_IMPLICIT_RETAIN_SELF = YES;
				CLANG_WARN_OBJC_LITERAL_CONVERSION = YES;
				CLANG_WARN_OBJC_ROOT_CLASS = YES_ERROR;
				CLANG_WARN_QUOTED_INCLUDE_IN_FRAMEWORK_HEADER = YES;
				CLANG_WARN_RANGE_LOOP_ANALYSIS = YES;
				CLANG_WARN_STRICT_PROTOTYPES = YES;
				CLANG_WARN_SUSPICIOUS_MOVE = YES;
				CLANG_WARN_UNGUARDED_AVAILABILITY = YES_AGGRESSIVE;
				CLANG_WARN_UNREACHABLE_CODE = YES;
				CLANG_WARN__DUPLICATE_METHOD_MATCH = YES;
				COPY_PHASE_STRIP = NO;
				DEBUG_INFORMATION_FORMAT = dwarf;
				ENABLE_STRICT_OBJC_MSGSEND = YES;
				ENABLE_TESTABILITY = YES;
				GCC_C_LANGUAGE_STANDARD = gnu11;
				GCC_DYNAMIC_NO_PIC = NO;
				GCC_NO_COMMON_BLOCKS = YES;
				GCC_OPTIMIZATION_LEVEL = 0;
				GCC_PREPROCESSOR_DEFINITIONS = (
					"DEBUG=1",
					"$(inherited)",
				);
				GCC_WARN_64_TO_32_BIT_CONVERSION = YES;
				GCC_WARN_ABOUT_RETURN_TYPE = YES_ERROR;
				GCC_WARN_UNDECLARED_SELECTOR = YES;
				GCC_WARN_UNINITIALIZED_AUTOS = YES_AGGRESSIVE;
				GCC_WARN_UNUSED_FUNCTION = YES;
				GCC_WARN_UNUSED_VARIABLE = YES;
				IPHONEOS_DEPLOYMENT_TARGET = 14.4;
				MTL_ENABLE_DEBUG_INFO = INCLUDE_SOURCE;
				MTL_FAST_MATH = YES;
				ONLY_ACTIVE_ARCH = YES;
				SDKROOT = iphoneos;
				SWIFT_ACTIVE_COMPILATION_CONDITIONS = DEBUG;
				SWIFT_OPTIMIZATION_LEVEL = "-Onone";
			};
			name = Debug;
		};
		AA7346EE25E2EA160083A30E /* Release */ = {
			isa = XCBuildConfiguration;
			buildSettings = {
				ALWAYS_SEARCH_USER_PATHS = NO;
				CLANG_ANALYZER_NONNULL = YES;
				CLANG_ANALYZER_NUMBER_OBJECT_CONVERSION = YES_AGGRESSIVE;
				CLANG_CXX_LANGUAGE_STANDARD = "gnu++14";
				CLANG_CXX_LIBRARY = "libc++";
				CLANG_ENABLE_MODULES = YES;
				CLANG_ENABLE_OBJC_ARC = YES;
				CLANG_ENABLE_OBJC_WEAK = YES;
				CLANG_WARN_BLOCK_CAPTURE_AUTORELEASING = YES;
				CLANG_WARN_BOOL_CONVERSION = YES;
				CLANG_WARN_COMMA = YES;
				CLANG_WARN_CONSTANT_CONVERSION = YES;
				CLANG_WARN_DEPRECATED_OBJC_IMPLEMENTATIONS = YES;
				CLANG_WARN_DIRECT_OBJC_ISA_USAGE = YES_ERROR;
				CLANG_WARN_DOCUMENTATION_COMMENTS = YES;
				CLANG_WARN_EMPTY_BODY = YES;
				CLANG_WARN_ENUM_CONVERSION = YES;
				CLANG_WARN_INFINITE_RECURSION = YES;
				CLANG_WARN_INT_CONVERSION = YES;
				CLANG_WARN_NON_LITERAL_NULL_CONVERSION = YES;
				CLANG_WARN_OBJC_IMPLICIT_RETAIN_SELF = YES;
				CLANG_WARN_OBJC_LITERAL_CONVERSION = YES;
				CLANG_WARN_OBJC_ROOT_CLASS = YES_ERROR;
				CLANG_WARN_QUOTED_INCLUDE_IN_FRAMEWORK_HEADER = YES;
				CLANG_WARN_RANGE_LOOP_ANALYSIS = YES;
				CLANG_WARN_STRICT_PROTOTYPES = YES;
				CLANG_WARN_SUSPICIOUS_MOVE = YES;
				CLANG_WARN_UNGUARDED_AVAILABILITY = YES_AGGRESSIVE;
				CLANG_WARN_UNREACHABLE_CODE = YES;
				CLANG_WARN__DUPLICATE_METHOD_MATCH = YES;
				COPY_PHASE_STRIP = NO;
				DEBUG_INFORMATION_FORMAT = "dwarf-with-dsym";
				ENABLE_NS_ASSERTIONS = NO;
				ENABLE_STRICT_OBJC_MSGSEND = YES;
				GCC_C_LANGUAGE_STANDARD = gnu11;
				GCC_NO_COMMON_BLOCKS = YES;
				GCC_WARN_64_TO_32_BIT_CONVERSION = YES;
				GCC_WARN_ABOUT_RETURN_TYPE = YES_ERROR;
				GCC_WARN_UNDECLARED_SELECTOR = YES;
				GCC_WARN_UNINITIALIZED_AUTOS = YES_AGGRESSIVE;
				GCC_WARN_UNUSED_FUNCTION = YES;
				GCC_WARN_UNUSED_VARIABLE = YES;
				IPHONEOS_DEPLOYMENT_TARGET = 14.4;
				MTL_ENABLE_DEBUG_INFO = NO;
				MTL_FAST_MATH = YES;
				SDKROOT = iphoneos;
				SWIFT_COMPILATION_MODE = wholemodule;
				SWIFT_OPTIMIZATION_LEVEL = "-O";
				VALIDATE_PRODUCT = YES;
			};
			name = Release;
		};
		AA7346F025E2EA160083A30E /* Debug */ = {
			isa = XCBuildConfiguration;
			buildSettings = {
				ASSETCATALOG_COMPILER_APPICON_NAME = AppIcon;
				ASSETCATALOG_COMPILER_GLOBAL_ACCENT_COLOR_NAME = AccentColor;
				CODE_SIGN_STYLE = Automatic;
				DEVELOPMENT_TEAM = U4WHYADYH2;
				INFOPLIST_FILE = Charts003/Info.plist;
				LD_RUNPATH_SEARCH_PATHS = (
					"$(inherited)",
					"@executable_path/Frameworks",
				);
				PRODUCT_BUNDLE_IDENTIFIER = world.aiclub.Charts003;
				PRODUCT_NAME = "$(TARGET_NAME)";
				SWIFT_VERSION = 5.0;
				TARGETED_DEVICE_FAMILY = "1,2";
			};
			name = Debug;
		};
		AA7346F125E2EA160083A30E /* Release */ = {
			isa = XCBuildConfiguration;
			buildSettings = {
				ASSETCATALOG_COMPILER_APPICON_NAME = AppIcon;
				ASSETCATALOG_COMPILER_GLOBAL_ACCENT_COLOR_NAME = AccentColor;
				CODE_SIGN_STYLE = Automatic;
				DEVELOPMENT_TEAM = U4WHYADYH2;
				INFOPLIST_FILE = Charts003/Info.plist;
				LD_RUNPATH_SEARCH_PATHS = (
					"$(inherited)",
					"@executable_path/Frameworks",
				);
				PRODUCT_BUNDLE_IDENTIFIER = world.aiclub.Charts003;
				PRODUCT_NAME = "$(TARGET_NAME)";
				SWIFT_VERSION = 5.0;
				TARGETED_DEVICE_FAMILY = "1,2";
			};
			name = Release;
		};
/* End XCBuildConfiguration section */

/* Begin XCConfigurationList section */
		AA7346D625E2EA150083A30E /* Build configuration list for PBXProject "Charts003" */ = {
			isa = XCConfigurationList;
			buildConfigurations = (
				AA7346ED25E2EA160083A30E /* Debug */,
				AA7346EE25E2EA160083A30E /* Release */,
			);
			defaultConfigurationIsVisible = 0;
			defaultConfigurationName = Release;
		};
		AA7346EF25E2EA160083A30E /* Build configuration list for PBXNativeTarget "Charts003" */ = {
			isa = XCConfigurationList;
			buildConfigurations = (
				AA7346F025E2EA160083A30E /* Debug */,
				AA7346F125E2EA160083A30E /* Release */,
			);
			defaultConfigurationIsVisible = 0;
			defaultConfigurationName = Release;
		};
/* End XCConfigurationList section */

/* Begin XCRemoteSwiftPackageReference section */
		AA7346F325E2EB430083A30E /* XCRemoteSwiftPackageReference "highcharts-ios" */ = {
			isa = XCRemoteSwiftPackageReference;
			repositoryURL = "https://github.com/highcharts/highcharts-ios";
			requirement = {
				kind = upToNextMajorVersion;
				minimumVersion = 9.0.0;
			};
		};
/* End XCRemoteSwiftPackageReference section */

/* Begin XCSwiftPackageProductDependency section */
		AA7346F425E2EB430083A30E /* Highcharts */ = {
			isa = XCSwiftPackageProductDependency;
			package = AA7346F325E2EB430083A30E /* XCRemoteSwiftPackageReference "highcharts-ios" */;
			productName = Highcharts;
		};
/* End XCSwiftPackageProductDependency section */
	};
	rootObject = AA7346D325E2EA150083A30E /* Project object */;
}
